
Microsoft Visual Studio Solution File, Format Version 12.00
# Visual Studio 2013
VisualStudioVersion = 12.0.40629.0
MinimumVisualStudioVersion = 10.0.40219.1
Project("{FAE04EC0-301F-11D3-BF4B-00C04F79EFBC}") = "GuidGen", "GuidGen\GuidGen.csproj", "{FE254C73-9FAC-465E-A089-F6FF792C7C1A}"
EndProject
Project("{FAE04EC0-301F-11D3-BF4B-00C04F79EFBC}") = "GuidGen.Test", "GuidGen.Test\GuidGen.Test.csproj", "{F822E445-3B98-440F-9E31-4EAF9365FAD0}"
EndProject
Global
	GlobalSection(SolutionConfigurationPlatforms) = preSolution
		Debug|Any CPU = Debug|Any CPU
		Release|Any CPU = Release|Any CPU
	EndGlobalSection
	GlobalSection(ProjectConfigurationPlatforms) = postSolution
		{FE254C73-9FAC-465E-A089-F6FF792C7C1A}.Debug|Any CPU.ActiveCfg = Debug|Any CPU
		{FE254C73-9FAC-465E-A089-F6FF792C7C1A}.Debug|Any CPU.Build.0 = Debug|Any CPU
		{FE254C73-9FAC-465E-A089-F6FF792C7C1A}.Release|Any CPU.ActiveCfg = Release|Any CPU
		{FE254C73-9FAC-465E-A089-F6FF792C7C1A}.Release|Any CPU.Build.0 = Release|Any CPU
		{F822E445-3B98-440F-9E31-4EAF9365FAD0}.Debug|Any CPU.ActiveCfg = Debug|Any CPU
		{F822E445-3B98-440F-9E31-4EAF9365FAD0}.Debug|Any CPU.Build.0 = Debug|Any CPU
		{F822E445-3B98-440F-9E31-4EAF9365FAD0}.Release|Any CPU.ActiveCfg = Release|Any CPU
		{F822E445-3B98-440F-9E31-4EAF9365FAD0}.Release|Any CPU.Build.0 = Release|Any CPU
	EndGlobalSection
	GlobalSection(SolutionProperties) = preSolution
		HideSolutionNode = FALSE
	EndGlobalSection
EndGlobal
